
Microsoft Visual Studio Solution File, Format Version 12.00
# Visual Studio 15
VisualStudioVersion = 15.0.26430.14
MinimumVisualStudioVersion = 10.0.40219.1
Project("{FAE04EC0-301F-11D3-BF4B-00C04F79EFBC}") = "StoreOnline", "StoreOnline\StoreOnline.csproj", "{5EBA6397-EA3B-45B9-8D1A-2E186F0C2699}"
EndProject
Project("{2150E333-8FDC-42A3-9474-1A3956D46DE8}") = "10.Presentation", "10.Presentation", "{8BB0BF97-77DA-424C-919C-906BDE06904E}"
EndProject
Project("{2150E333-8FDC-42A3-9474-1A3956D46DE8}") = "40.LayerData", "40.LayerData", "{5A13C58B-7B9F-4690-A501-2C68A5D96015}"
EndProject
Project("{FAE04EC0-301F-11D3-BF4B-00C04F79EFBC}") = "SANNA.Data.IRepository", "SAO.Datos.Repository\SANNA.Data.IRepository.csproj", "{708E2585-76C7-4180-9968-416AEDAF5BCF}"
EndProject
Project("{FAE04EC0-301F-11D3-BF4B-00C04F79EFBC}") = "SANNA.Data.Entities", "SANNA.Entities\SANNA.Data.Entities.csproj", "{096DEC6D-1072-471E-BC2E-4A195238B6F4}"
EndProject
Project("{2150E333-8FDC-42A3-9474-1A3956D46DE8}") = "40. Transversal", "40. Transversal", "{D85B24F6-D5FE-4B39-8751-89B687BF467A}"
EndProject
Project("{2150E333-8FDC-42A3-9474-1A3956D46DE8}") = "50.Cross", "50.Cross", "{5F97A2E5-E534-445C-AAA2-E3EEB4510FCF}"
EndProject
Project("{FAE04EC0-301F-11D3-BF4B-00C04F79EFBC}") = "SANNA.Comun.Entities.Base", "SANNA.Comun.Entities.Base\SANNA.Comun.Entities.Base.csproj", "{19E7DF59-8BB8-4588-8CDA-303C570D23B8}"
EndProject
Project("{FAE04EC0-301F-11D3-BF4B-00C04F79EFBC}") = "SANNA.Comun.Data.Core", "SANNA.Comun.Data.Core\SANNA.Comun.Data.Core.csproj", "{3D25A352-9999-44FB-9277-A951F77763FF}"
EndProject
Project("{FAE04EC0-301F-11D3-BF4B-00C04F79EFBC}") = "SANNA.Data.Repository", "SANNA.Datos.Repository\SANNA.Data.Repository.csproj", "{F666A581-C474-470B-B6FC-0023FC4438AF}"
EndProject
Project("{FAE04EC0-301F-11D3-BF4B-00C04F79EFBC}") = "TestRepository", "TestRepository\TestRepository.csproj", "{C78914FD-BFDA-417F-8036-7703FE448FA6}"
EndProject
Project("{2150E333-8FDC-42A3-9474-1A3956D46DE8}") = "30.BussinesLayer", "30.BussinesLayer", "{BC8A7E6A-CBB0-4A91-8043-A73932499835}"
EndProject
Project("{FAE04EC0-301F-11D3-BF4B-00C04F79EFBC}") = "SANNA.Aplication.Masters", "SANNA.Aplication.Masters\SANNA.Aplication.Masters.csproj", "{68B95134-66D7-4C33-A289-D01290A11B82}"
EndProject
Project("{2150E333-8FDC-42A3-9474-1A3956D46DE8}") = "30.1 Masters", "30.1 Masters", "{246483D7-EE20-4B8F-A8E3-3F70A84F1AB0}"
EndProject
Project("{FAE04EC0-301F-11D3-BF4B-00C04F79EFBC}") = "SANNA.Aplication.Masters.Entities", "SANNA.Aplication.Masters.Entities\SANNA.Aplication.Masters.Entities.csproj", "{605A7922-24F5-4DE2-82FE-19BAFA38A434}"
EndProject
Project("{FAE04EC0-301F-11D3-BF4B-00C04F79EFBC}") = "SANNA.Aplication.Masters.IRepository", "SANNA.Aplication.Masters.IRepository\SANNA.Aplication.Masters.IRepository.csproj", "{B333845A-3F91-4E42-8B86-3B5BC95246C0}"
EndProject
Project("{FAE04EC0-301F-11D3-BF4B-00C04F79EFBC}") = "SANNA.Aplication.Masters.Repository", "SANNA.Aplication.Masters.Repository\SANNA.Aplication.Masters.Repository.csproj", "{0F69A992-B87F-45DB-8AB4-5B20BC9AAE2C}"
EndProject
Project("{2150E333-8FDC-42A3-9474-1A3956D46DE8}") = "20.Services", "20.Services", "{30804D69-2E18-4E28-90CD-15F65829C687}"
EndProject
Project("{2150E333-8FDC-42A3-9474-1A3956D46DE8}") = "20.1 Masters", "20.1 Masters", "{6BDEBEF1-F9A3-49E9-B992-7C4E8576B300}"
EndProject
Project("{FAE04EC0-301F-11D3-BF4B-00C04F79EFBC}") = "SANNA.Services.Masters.DataContracts", "SANNA.Service.Masters.DataContracts\SANNA.Services.Masters.DataContracts.csproj", "{BE08AA22-F20E-4754-8DD9-3AB13B8C27B1}"
EndProject
Project("{FAE04EC0-301F-11D3-BF4B-00C04F79EFBC}") = "SANNA.Services.Masters.Interfaces", "SANNA.Services.Masters.Interfaces\SANNA.Services.Masters.Interfaces.csproj", "{B7BE3F0B-8725-480A-8EA8-8B5FEFE450DC}"
EndProject
Project("{FAE04EC0-301F-11D3-BF4B-00C04F79EFBC}") = "SANNA.Services.Masters.Services", "SANNA.Services.Masters.Services\SANNA.Services.Masters.Services.csproj", "{26B83F0C-1761-4384-874A-79164B7AB9E7}"
EndProject
Project("{FAE04EC0-301F-11D3-BF4B-00C04F79EFBC}") = "SANNA.Services.Masters.Host", "SANNA.Services.Masters.Host\SANNA.Services.Masters.Host.csproj", "{62DF3B6E-2D11-489B-A744-8F101201A7C6}"
EndProject
Project("{2150E333-8FDC-42A3-9474-1A3956D46DE8}") = "50.1 Core", "50.1 Core", "{846A5A6F-6C60-4835-9477-2FBBB55F2CDC}"
EndProject
Project("{2150E333-8FDC-42A3-9474-1A3956D46DE8}") = "50.2 Map", "50.2 Map", "{0FF14B88-6A43-437A-B77D-2795290FDC32}"
EndProject
Project("{FAE04EC0-301F-11D3-BF4B-00C04F79EFBC}") = "SANNA.Cross.Map", "SANNA.Cross.Map\SANNA.Cross.Map.csproj", "{D42E18FF-64FF-4E05-888D-BA0A161CF147}"
EndProject
Project("{FAE04EC0-301F-11D3-BF4B-00C04F79EFBC}") = "TestService", "TestService\TestService.csproj", "{320CE3AA-52DA-4411-8CE0-24C9E2A08538}"
EndProject
Project("{2150E333-8FDC-42A3-9474-1A3956D46DE8}") = "50.3 Helpers", "50.3 Helpers", "{A7861C7D-21C9-4CD9-BADB-5BD85EEC7C05}"
EndProject
Project("{FAE04EC0-301F-11D3-BF4B-00C04F79EFBC}") = "SANNA.Cross.Helpers", "SANNA.Cross.Helpers\SANNA.Cross.Helpers.csproj", "{EFDB3D9B-8BC5-414D-9437-136BA8BBE9CC}"
EndProject
Global
	GlobalSection(SolutionConfigurationPlatforms) = preSolution
		Debug|Any CPU = Debug|Any CPU
		Release|Any CPU = Release|Any CPU
	EndGlobalSection
	GlobalSection(ProjectConfigurationPlatforms) = postSolution
		{5EBA6397-EA3B-45B9-8D1A-2E186F0C2699}.Debug|Any CPU.ActiveCfg = Debug|Any CPU
		{5EBA6397-EA3B-45B9-8D1A-2E186F0C2699}.Debug|Any CPU.Build.0 = Debug|Any CPU
		{5EBA6397-EA3B-45B9-8D1A-2E186F0C2699}.Release|Any CPU.ActiveCfg = Release|Any CPU
		{5EBA6397-EA3B-45B9-8D1A-2E186F0C2699}.Release|Any CPU.Build.0 = Release|Any CPU
		{708E2585-76C7-4180-9968-416AEDAF5BCF}.Debug|Any CPU.ActiveCfg = Debug|Any CPU
		{708E2585-76C7-4180-9968-416AEDAF5BCF}.Debug|Any CPU.Build.0 = Debug|Any CPU
		{708E2585-76C7-4180-9968-416AEDAF5BCF}.Release|Any CPU.ActiveCfg = Release|Any CPU
		{708E2585-76C7-4180-9968-416AEDAF5BCF}.Release|Any CPU.Build.0 = Release|Any CPU
		{096DEC6D-1072-471E-BC2E-4A195238B6F4}.Debug|Any CPU.ActiveCfg = Debug|Any CPU
		{096DEC6D-1072-471E-BC2E-4A195238B6F4}.Debug|Any CPU.Build.0 = Debug|Any CPU
		{096DEC6D-1072-471E-BC2E-4A195238B6F4}.Release|Any CPU.ActiveCfg = Release|Any CPU
		{096DEC6D-1072-471E-BC2E-4A195238B6F4}.Release|Any CPU.Build.0 = Release|Any CPU
		{19E7DF59-8BB8-4588-8CDA-303C570D23B8}.Debug|Any CPU.ActiveCfg = Debug|Any CPU
		{19E7DF59-8BB8-4588-8CDA-303C570D23B8}.Debug|Any CPU.Build.0 = Debug|Any CPU
		{19E7DF59-8BB8-4588-8CDA-303C570D23B8}.Release|Any CPU.ActiveCfg = Release|Any CPU
		{19E7DF59-8BB8-4588-8CDA-303C570D23B8}.Release|Any CPU.Build.0 = Release|Any CPU
		{3D25A352-9999-44FB-9277-A951F77763FF}.Debug|Any CPU.ActiveCfg = Debug|Any CPU
		{3D25A352-9999-44FB-9277-A951F77763FF}.Debug|Any CPU.Build.0 = Debug|Any CPU
		{3D25A352-9999-44FB-9277-A951F77763FF}.Release|Any CPU.ActiveCfg = Release|Any CPU
		{3D25A352-9999-44FB-9277-A951F77763FF}.Release|Any CPU.Build.0 = Release|Any CPU
		{F666A581-C474-470B-B6FC-0023FC4438AF}.Debug|Any CPU.ActiveCfg = Debug|Any CPU
		{F666A581-C474-470B-B6FC-0023FC4438AF}.Debug|Any CPU.Build.0 = Debug|Any CPU
		{F666A581-C474-470B-B6FC-0023FC4438AF}.Release|Any CPU.ActiveCfg = Release|Any CPU
		{F666A581-C474-470B-B6FC-0023FC4438AF}.Release|Any CPU.Build.0 = Release|Any CPU
		{C78914FD-BFDA-417F-8036-7703FE448FA6}.Debug|Any CPU.ActiveCfg = Debug|Any CPU
		{C78914FD-BFDA-417F-8036-7703FE448FA6}.Debug|Any CPU.Build.0 = Debug|Any CPU
		{C78914FD-BFDA-417F-8036-7703FE448FA6}.Release|Any CPU.ActiveCfg = Release|Any CPU
		{C78914FD-BFDA-417F-8036-7703FE448FA6}.Release|Any CPU.Build.0 = Release|Any CPU
		{68B95134-66D7-4C33-A289-D01290A11B82}.Debug|Any CPU.ActiveCfg = Debug|Any CPU
		{68B95134-66D7-4C33-A289-D01290A11B82}.Debug|Any CPU.Build.0 = Debug|Any CPU
		{68B95134-66D7-4C33-A289-D01290A11B82}.Release|Any CPU.ActiveCfg = Release|Any CPU
		{68B95134-66D7-4C33-A289-D01290A11B82}.Release|Any CPU.Build.0 = Release|Any CPU
		{605A7922-24F5-4DE2-82FE-19BAFA38A434}.Debug|Any CPU.ActiveCfg = Debug|Any CPU
		{605A7922-24F5-4DE2-82FE-19BAFA38A434}.Debug|Any CPU.Build.0 = Debug|Any CPU
		{605A7922-24F5-4DE2-82FE-19BAFA38A434}.Release|Any CPU.ActiveCfg = Release|Any CPU
		{605A7922-24F5-4DE2-82FE-19BAFA38A434}.Release|Any CPU.Build.0 = Release|Any CPU
		{B333845A-3F91-4E42-8B86-3B5BC95246C0}.Debug|Any CPU.ActiveCfg = Debug|Any CPU
		{B333845A-3F91-4E42-8B86-3B5BC95246C0}.Debug|Any CPU.Build.0 = Debug|Any CPU
		{B333845A-3F91-4E42-8B86-3B5BC95246C0}.Release|Any CPU.ActiveCfg = Release|Any CPU
		{B333845A-3F91-4E42-8B86-3B5BC95246C0}.Release|Any CPU.Build.0 = Release|Any CPU
		{0F69A992-B87F-45DB-8AB4-5B20BC9AAE2C}.Debug|Any CPU.ActiveCfg = Debug|Any CPU
		{0F69A992-B87F-45DB-8AB4-5B20BC9AAE2C}.Debug|Any CPU.Build.0 = Debug|Any CPU
		{0F69A992-B87F-45DB-8AB4-5B20BC9AAE2C}.Release|Any CPU.ActiveCfg = Release|Any CPU
		{0F69A992-B87F-45DB-8AB4-5B20BC9AAE2C}.Release|Any CPU.Build.0 = Release|Any CPU
		{BE08AA22-F20E-4754-8DD9-3AB13B8C27B1}.Debug|Any CPU.ActiveCfg = Debug|Any CPU
		{BE08AA22-F20E-4754-8DD9-3AB13B8C27B1}.Debug|Any CPU.Build.0 = Debug|Any CPU
		{BE08AA22-F20E-4754-8DD9-3AB13B8C27B1}.Release|Any CPU.ActiveCfg = Release|Any CPU
		{BE08AA22-F20E-4754-8DD9-3AB13B8C27B1}.Release|Any CPU.Build.0 = Release|Any CPU
		{B7BE3F0B-8725-480A-8EA8-8B5FEFE450DC}.Debug|Any CPU.ActiveCfg = Debug|Any CPU
		{B7BE3F0B-8725-480A-8EA8-8B5FEFE450DC}.Debug|Any CPU.Build.0 = Debug|Any CPU
		{B7BE3F0B-8725-480A-8EA8-8B5FEFE450DC}.Release|Any CPU.ActiveCfg = Release|Any CPU
		{B7BE3F0B-8725-480A-8EA8-8B5FEFE450DC}.Release|Any CPU.Build.0 = Release|Any CPU
		{26B83F0C-1761-4384-874A-79164B7AB9E7}.Debug|Any CPU.ActiveCfg = Debug|Any CPU
		{26B83F0C-1761-4384-874A-79164B7AB9E7}.Debug|Any CPU.Build.0 = Debug|Any CPU
		{26B83F0C-1761-4384-874A-79164B7AB9E7}.Release|Any CPU.ActiveCfg = Release|Any CPU
		{26B83F0C-1761-4384-874A-79164B7AB9E7}.Release|Any CPU.Build.0 = Release|Any CPU
		{62DF3B6E-2D11-489B-A744-8F101201A7C6}.Debug|Any CPU.ActiveCfg = Debug|Any CPU
		{62DF3B6E-2D11-489B-A744-8F101201A7C6}.Debug|Any CPU.Build.0 = Debug|Any CPU
		{62DF3B6E-2D11-489B-A744-8F101201A7C6}.Release|Any CPU.ActiveCfg = Release|Any CPU
		{62DF3B6E-2D11-489B-A744-8F101201A7C6}.Release|Any CPU.Build.0 = Release|Any CPU
		{D42E18FF-64FF-4E05-888D-BA0A161CF147}.Debug|Any CPU.ActiveCfg = Debug|Any CPU
		{D42E18FF-64FF-4E05-888D-BA0A161CF147}.Debug|Any CPU.Build.0 = Debug|Any CPU
		{D42E18FF-64FF-4E05-888D-BA0A161CF147}.Release|Any CPU.ActiveCfg = Release|Any CPU
		{D42E18FF-64FF-4E05-888D-BA0A161CF147}.Release|Any CPU.Build.0 = Release|Any CPU
		{320CE3AA-52DA-4411-8CE0-24C9E2A08538}.Debug|Any CPU.ActiveCfg = Debug|Any CPU
		{320CE3AA-52DA-4411-8CE0-24C9E2A08538}.Debug|Any CPU.Build.0 = Debug|Any CPU
		{320CE3AA-52DA-4411-8CE0-24C9E2A08538}.Release|Any CPU.ActiveCfg = Release|Any CPU
		{320CE3AA-52DA-4411-8CE0-24C9E2A08538}.Release|Any CPU.Build.0 = Release|Any CPU
		{EFDB3D9B-8BC5-414D-9437-136BA8BBE9CC}.Debug|Any CPU.ActiveCfg = Debug|Any CPU
		{EFDB3D9B-8BC5-414D-9437-136BA8BBE9CC}.Debug|Any CPU.Build.0 = Debug|Any CPU
		{EFDB3D9B-8BC5-414D-9437-136BA8BBE9CC}.Release|Any CPU.ActiveCfg = Release|Any CPU
		{EFDB3D9B-8BC5-414D-9437-136BA8BBE9CC}.Release|Any CPU.Build.0 = Release|Any CPU
	EndGlobalSection
	GlobalSection(SolutionProperties) = preSolution
		HideSolutionNode = FALSE
	EndGlobalSection
	GlobalSection(NestedProjects) = preSolution
		{5EBA6397-EA3B-45B9-8D1A-2E186F0C2699} = {8BB0BF97-77DA-424C-919C-906BDE06904E}
		{708E2585-76C7-4180-9968-416AEDAF5BCF} = {5A13C58B-7B9F-4690-A501-2C68A5D96015}
		{096DEC6D-1072-471E-BC2E-4A195238B6F4} = {5A13C58B-7B9F-4690-A501-2C68A5D96015}
		{19E7DF59-8BB8-4588-8CDA-303C570D23B8} = {846A5A6F-6C60-4835-9477-2FBBB55F2CDC}
		{3D25A352-9999-44FB-9277-A951F77763FF} = {846A5A6F-6C60-4835-9477-2FBBB55F2CDC}
		{F666A581-C474-470B-B6FC-0023FC4438AF} = {5A13C58B-7B9F-4690-A501-2C68A5D96015}
		{C78914FD-BFDA-417F-8036-7703FE448FA6} = {5A13C58B-7B9F-4690-A501-2C68A5D96015}
		{68B95134-66D7-4C33-A289-D01290A11B82} = {246483D7-EE20-4B8F-A8E3-3F70A84F1AB0}
		{246483D7-EE20-4B8F-A8E3-3F70A84F1AB0} = {BC8A7E6A-CBB0-4A91-8043-A73932499835}
		{605A7922-24F5-4DE2-82FE-19BAFA38A434} = {246483D7-EE20-4B8F-A8E3-3F70A84F1AB0}
		{B333845A-3F91-4E42-8B86-3B5BC95246C0} = {246483D7-EE20-4B8F-A8E3-3F70A84F1AB0}
		{0F69A992-B87F-45DB-8AB4-5B20BC9AAE2C} = {246483D7-EE20-4B8F-A8E3-3F70A84F1AB0}
		{6BDEBEF1-F9A3-49E9-B992-7C4E8576B300} = {30804D69-2E18-4E28-90CD-15F65829C687}
		{BE08AA22-F20E-4754-8DD9-3AB13B8C27B1} = {6BDEBEF1-F9A3-49E9-B992-7C4E8576B300}
		{B7BE3F0B-8725-480A-8EA8-8B5FEFE450DC} = {6BDEBEF1-F9A3-49E9-B992-7C4E8576B300}
		{26B83F0C-1761-4384-874A-79164B7AB9E7} = {6BDEBEF1-F9A3-49E9-B992-7C4E8576B300}
		{62DF3B6E-2D11-489B-A744-8F101201A7C6} = {6BDEBEF1-F9A3-49E9-B992-7C4E8576B300}
		{846A5A6F-6C60-4835-9477-2FBBB55F2CDC} = {5F97A2E5-E534-445C-AAA2-E3EEB4510FCF}
		{0FF14B88-6A43-437A-B77D-2795290FDC32} = {5F97A2E5-E534-445C-AAA2-E3EEB4510FCF}
		{D42E18FF-64FF-4E05-888D-BA0A161CF147} = {0FF14B88-6A43-437A-B77D-2795290FDC32}
		{320CE3AA-52DA-4411-8CE0-24C9E2A08538} = {6BDEBEF1-F9A3-49E9-B992-7C4E8576B300}
		{A7861C7D-21C9-4CD9-BADB-5BD85EEC7C05} = {5F97A2E5-E534-445C-AAA2-E3EEB4510FCF}
		{EFDB3D9B-8BC5-414D-9437-136BA8BBE9CC} = {A7861C7D-21C9-4CD9-BADB-5BD85EEC7C05}
	EndGlobalSection
EndGlobal
